# @generated by Move, please check-in and do not edit manually.

[move]
version = 3
manifest_digest = "1978FB1BB1C9B16BF2764C958219EED2F93121869D16B85C8388FD709A0CEBA1"
deps_digest = "F8BBB0CCB2491CA29A3DF03D6F92277A4F3574266507ACD77214D37ECA3F3082"
dependencies = [
  { id = "Sui", name = "Sui" },
]

[[move.package]]
id = "MoveStdlib"
source = { local = "../../sui/crates/sui-framework/packages/move-stdlib" }

[[move.package]]
id = "Sui"
source = { local = "../../sui/crates/sui-framework/packages/sui-framework" }

dependencies = [
  { id = "MoveStdlib", name = "MoveStdlib" },
]

[move.toolchain-version]
compiler-version = "1.42.0"
edition = "2024.beta"
flavor = "sui"

[env]

[env.local]
chain-id = "b21956d7"
original-published-id = "0x0f009a70aee8be841710ae6d00fa34038ca14d204ee3b2b4b7bcf8bb8669b73b"
latest-published-id = "0x0f009a70aee8be841710ae6d00fa34038ca14d204ee3b2b4b7bcf8bb8669b73b"
published-version = "1"
